
Microsoft Visual Studio Solution File, Format Version 12.00
# Visual Studio Version 17
VisualStudioVersion = 17.1.32210.238
MinimumVisualStudioVersion = 10.0.40219.1
Project("{FAE04EC0-301F-11D3-BF4B-00C04F79EFBC}") = "tpmodul7_1302204092", "tpmodul7_1302204092\tpmodul7_1302204092.csproj", "{5D8E9127-5935-4517-875A-5224EA86ED05}"
EndProject
Global
	GlobalSection(SolutionConfigurationPlatforms) = preSolution
		Debug|Any CPU = Debug|Any CPU
		Release|Any CPU = Release|Any CPU
	EndGlobalSection
	GlobalSection(ProjectConfigurationPlatforms) = postSolution
		{5D8E9127-5935-4517-875A-5224EA86ED05}.Debug|Any CPU.ActiveCfg = Debug|Any CPU
		{5D8E9127-5935-4517-875A-5224EA86ED05}.Debug|Any CPU.Build.0 = Debug|Any CPU
		{5D8E9127-5935-4517-875A-5224EA86ED05}.Release|Any CPU.ActiveCfg = Release|Any CPU
		{5D8E9127-5935-4517-875A-5224EA86ED05}.Release|Any CPU.Build.0 = Release|Any CPU
	EndGlobalSection
	GlobalSection(SolutionProperties) = preSolution
		HideSolutionNode = FALSE
	EndGlobalSection
	GlobalSection(ExtensibilityGlobals) = postSolution
		SolutionGuid = {AE3E88CF-4934-4CF8-A39E-8A80DE5A1BEF}
	EndGlobalSection
EndGlobal
